// !$*UTF8*$!
{
	archiveVersion = 1;
	classes = {
	};
	objectVersion = 56;
	objects = {

/* Begin PBXBuildFile section */
		4C8A8CF22AC058FB00ECF377 /* AppDelegate.swift in Sources */ = {isa = PBXBuildFile; fileRef = 4C8A8CF12AC058FB00ECF377 /* AppDelegate.swift */; };
		4C8A8CF42AC058FB00ECF377 /* SceneDelegate.swift in Sources */ = {isa = PBXBuildFile; fileRef = 4C8A8CF32AC058FB00ECF377 /* SceneDelegate.swift */; };
		4C8A8CF62AC058FB00ECF377 /* ViewController.swift in Sources */ = {isa = PBXBuildFile; fileRef = 4C8A8CF52AC058FB00ECF377 /* ViewController.swift */; };
		4C8A8CFB2AC058FD00ECF377 /* Assets.xcassets in Resources */ = {isa = PBXBuildFile; fileRef = 4C8A8CFA2AC058FD00ECF377 /* Assets.xcassets */; };
		4C8A8CFE2AC058FD00ECF377 /* LaunchScreen.storyboard in Resources */ = {isa = PBXBuildFile; fileRef = 4C8A8CFC2AC058FD00ECF377 /* LaunchScreen.storyboard */; };
		4C8A8D062AC05B1500ECF377 /* .gitignore in Resources */ = {isa = PBXBuildFile; fileRef = 4C8A8D052AC05B1500ECF377 /* .gitignore */; };
		4C8A8D082AC05B5000ECF377 /* APIKey.swift in Sources */ = {isa = PBXBuildFile; fileRef = 4C8A8D072AC05B5000ECF377 /* APIKey.swift */; };
		4C8A8D0B2AC05EAE00ECF377 /* Alamofire in Frameworks */ = {isa = PBXBuildFile; productRef = 4C8A8D0A2AC05EAE00ECF377 /* Alamofire */; };
		4C8A8D0E2AC05EBA00ECF377 /* SnapKit in Frameworks */ = {isa = PBXBuildFile; productRef = 4C8A8D0D2AC05EBA00ECF377 /* SnapKit */; };
		4C8A8D112AC05EC700ECF377 /* Kingfisher in Frameworks */ = {isa = PBXBuildFile; productRef = 4C8A8D102AC05EC700ECF377 /* Kingfisher */; };
		4C8A8D142AC0627A00ECF377 /* ErrorCode.swift in Sources */ = {isa = PBXBuildFile; fileRef = 4C8A8D132AC0627A00ECF377 /* ErrorCode.swift */; };
		4C8A8D162AC063AE00ECF377 /* PetRouter.swift in Sources */ = {isa = PBXBuildFile; fileRef = 4C8A8D152AC063AE00ECF377 /* PetRouter.swift */; };
		4C8A8D1A2AC1223700ECF377 /* RegionCode.swift in Sources */ = {isa = PBXBuildFile; fileRef = 4C8A8D192AC1223700ECF377 /* RegionCode.swift */; };
		4C8A8D1C2AC1666100ECF377 /* Network.swift in Sources */ = {isa = PBXBuildFile; fileRef = 4C8A8D1B2AC1666100ECF377 /* Network.swift */; };
		4C8A8D1E2AC1672600ECF377 /* PetStruct.swift in Sources */ = {isa = PBXBuildFile; fileRef = 4C8A8D1D2AC1672600ECF377 /* PetStruct.swift */; };
		4C8A8D232AC2B55E00ECF377 /* ReusableProtocol.swift in Sources */ = {isa = PBXBuildFile; fileRef = 4C8A8D222AC2B55E00ECF377 /* ReusableProtocol.swift */; };
		4C8A8D252AC2B58F00ECF377 /* BaseViewController.swift in Sources */ = {isa = PBXBuildFile; fileRef = 4C8A8D242AC2B58F00ECF377 /* BaseViewController.swift */; };
		4C8A8D2B2AC2B5E500ECF377 /* Realm in Frameworks */ = {isa = PBXBuildFile; productRef = 4C8A8D2A2AC2B5E500ECF377 /* Realm */; };
		4C8A8D2D2AC2B5E500ECF377 /* RealmSwift in Frameworks */ = {isa = PBXBuildFile; productRef = 4C8A8D2C2AC2B5E500ECF377 /* RealmSwift */; };
		4C8A8D2F2AC2B60200ECF377 /* BaseView.swift in Sources */ = {isa = PBXBuildFile; fileRef = 4C8A8D2E2AC2B60200ECF377 /* BaseView.swift */; };
		4C8A8D312AC2B62500ECF377 /* BaseCollectionViewCell.swift in Sources */ = {isa = PBXBuildFile; fileRef = 4C8A8D302AC2B62500ECF377 /* BaseCollectionViewCell.swift */; };
		4C8A8D332AC2B63800ECF377 /* BaseTableViewCell.swift in Sources */ = {isa = PBXBuildFile; fileRef = 4C8A8D322AC2B63800ECF377 /* BaseTableViewCell.swift */; };
		4C8A8D362AC2B68900ECF377 /* PetTableRepository.swift in Sources */ = {isa = PBXBuildFile; fileRef = 4C8A8D352AC2B68900ECF377 /* PetTableRepository.swift */; };
		4C8A8D392AC2B6AD00ECF377 /* Toast in Frameworks */ = {isa = PBXBuildFile; productRef = 4C8A8D382AC2B6AD00ECF377 /* Toast */; };
		4C8A8D3B2AC2B6E400ECF377 /* RealmModel.swift in Sources */ = {isa = PBXBuildFile; fileRef = 4C8A8D3A2AC2B6E300ECF377 /* RealmModel.swift */; };
		4C8A8D402AC2BA3A00ECF377 /* jejudoldam.otf in Resources */ = {isa = PBXBuildFile; fileRef = 4C8A8D3F2AC2BA3A00ECF377 /* jejudoldam.otf */; };
/* End PBXBuildFile section */

/* Begin PBXFileReference section */
		4C8A8CEE2AC058FB00ECF377 /* PetFinder.app */ = {isa = PBXFileReference; explicitFileType = wrapper.application; includeInIndex = 0; path = PetFinder.app; sourceTree = BUILT_PRODUCTS_DIR; };
		4C8A8CF12AC058FB00ECF377 /* AppDelegate.swift */ = {isa = PBXFileReference; lastKnownFileType = sourcecode.swift; path = AppDelegate.swift; sourceTree = "<group>"; };
		4C8A8CF32AC058FB00ECF377 /* SceneDelegate.swift */ = {isa = PBXFileReference; lastKnownFileType = sourcecode.swift; path = SceneDelegate.swift; sourceTree = "<group>"; };
		4C8A8CF52AC058FB00ECF377 /* ViewController.swift */ = {isa = PBXFileReference; lastKnownFileType = sourcecode.swift; path = ViewController.swift; sourceTree = "<group>"; };
		4C8A8CFA2AC058FD00ECF377 /* Assets.xcassets */ = {isa = PBXFileReference; lastKnownFileType = folder.assetcatalog; path = Assets.xcassets; sourceTree = "<group>"; };
		4C8A8CFD2AC058FD00ECF377 /* Base */ = {isa = PBXFileReference; lastKnownFileType = file.storyboard; name = Base; path = Base.lproj/LaunchScreen.storyboard; sourceTree = "<group>"; };
		4C8A8CFF2AC058FD00ECF377 /* Info.plist */ = {isa = PBXFileReference; lastKnownFileType = text.plist.xml; path = Info.plist; sourceTree = "<group>"; };
		4C8A8D052AC05B1500ECF377 /* .gitignore */ = {isa = PBXFileReference; lastKnownFileType = text; path = .gitignore; sourceTree = "<group>"; };
		4C8A8D072AC05B5000ECF377 /* APIKey.swift */ = {isa = PBXFileReference; lastKnownFileType = sourcecode.swift; path = APIKey.swift; sourceTree = "<group>"; };
		4C8A8D132AC0627A00ECF377 /* ErrorCode.swift */ = {isa = PBXFileReference; lastKnownFileType = sourcecode.swift; path = ErrorCode.swift; sourceTree = "<group>"; };
		4C8A8D152AC063AE00ECF377 /* PetRouter.swift */ = {isa = PBXFileReference; lastKnownFileType = sourcecode.swift; path = PetRouter.swift; sourceTree = "<group>"; };
		4C8A8D192AC1223700ECF377 /* RegionCode.swift */ = {isa = PBXFileReference; lastKnownFileType = sourcecode.swift; path = RegionCode.swift; sourceTree = "<group>"; };
		4C8A8D1B2AC1666100ECF377 /* Network.swift */ = {isa = PBXFileReference; lastKnownFileType = sourcecode.swift; path = Network.swift; sourceTree = "<group>"; };
		4C8A8D1D2AC1672600ECF377 /* PetStruct.swift */ = {isa = PBXFileReference; lastKnownFileType = sourcecode.swift; path = PetStruct.swift; sourceTree = "<group>"; };
		4C8A8D222AC2B55E00ECF377 /* ReusableProtocol.swift */ = {isa = PBXFileReference; lastKnownFileType = sourcecode.swift; path = ReusableProtocol.swift; sourceTree = "<group>"; };
		4C8A8D242AC2B58F00ECF377 /* BaseViewController.swift */ = {isa = PBXFileReference; lastKnownFileType = sourcecode.swift; path = BaseViewController.swift; sourceTree = "<group>"; };
		4C8A8D2E2AC2B60200ECF377 /* BaseView.swift */ = {isa = PBXFileReference; lastKnownFileType = sourcecode.swift; path = BaseView.swift; sourceTree = "<group>"; };
		4C8A8D302AC2B62500ECF377 /* BaseCollectionViewCell.swift */ = {isa = PBXFileReference; lastKnownFileType = sourcecode.swift; path = BaseCollectionViewCell.swift; sourceTree = "<group>"; };
		4C8A8D322AC2B63800ECF377 /* BaseTableViewCell.swift */ = {isa = PBXFileReference; lastKnownFileType = sourcecode.swift; path = BaseTableViewCell.swift; sourceTree = "<group>"; };
		4C8A8D352AC2B68900ECF377 /* PetTableRepository.swift */ = {isa = PBXFileReference; lastKnownFileType = sourcecode.swift; path = PetTableRepository.swift; sourceTree = "<group>"; };
		4C8A8D3A2AC2B6E300ECF377 /* RealmModel.swift */ = {isa = PBXFileReference; lastKnownFileType = sourcecode.swift; path = RealmModel.swift; sourceTree = "<group>"; };
		4C8A8D3F2AC2BA3A00ECF377 /* jejudoldam.otf */ = {isa = PBXFileReference; lastKnownFileType = file; path = jejudoldam.otf; sourceTree = "<group>"; };
/* End PBXFileReference section */

/* Begin PBXFrameworksBuildPhase section */
		4C8A8CEB2AC058FB00ECF377 /* Frameworks */ = {
			isa = PBXFrameworksBuildPhase;
			buildActionMask = 2147483647;
			files = (
				4C8A8D392AC2B6AD00ECF377 /* Toast in Frameworks */,
				4C8A8D112AC05EC700ECF377 /* Kingfisher in Frameworks */,
				4C8A8D0B2AC05EAE00ECF377 /* Alamofire in Frameworks */,
				4C8A8D2B2AC2B5E500ECF377 /* Realm in Frameworks */,
				4C8A8D2D2AC2B5E500ECF377 /* RealmSwift in Frameworks */,
				4C8A8D0E2AC05EBA00ECF377 /* SnapKit in Frameworks */,
			);
			runOnlyForDeploymentPostprocessing = 0;
		};
/* End PBXFrameworksBuildPhase section */

/* Begin PBXGroup section */
		4C8A8CE52AC058FB00ECF377 = {
			isa = PBXGroup;
			children = (
				4C8A8CF02AC058FB00ECF377 /* PetFinder */,
				4C8A8CEF2AC058FB00ECF377 /* Products */,
			);
			sourceTree = "<group>";
		};
		4C8A8CEF2AC058FB00ECF377 /* Products */ = {
			isa = PBXGroup;
			children = (
				4C8A8CEE2AC058FB00ECF377 /* PetFinder.app */,
			);
			name = Products;
			sourceTree = "<group>";
		};
		4C8A8CF02AC058FB00ECF377 /* PetFinder */ = {
			isa = PBXGroup;
			children = (
				4C8A8D3C2AC2B98800ECF377 /* Font */,
				4C8A8D342AC2B66900ECF377 /* Realm */,
				4C8A8D212AC2B54600ECF377 /* Base */,
				4C8A8D122AC05FEE00ECF377 /* Network */,
				4C8A8CF52AC058FB00ECF377 /* ViewController.swift */,
				4C8A8CFA2AC058FD00ECF377 /* Assets.xcassets */,
				4C8A8CFC2AC058FD00ECF377 /* LaunchScreen.storyboard */,
				4C8A8CFF2AC058FD00ECF377 /* Info.plist */,
				4C8A8D052AC05B1500ECF377 /* .gitignore */,
				4C8A8CF12AC058FB00ECF377 /* AppDelegate.swift */,
				4C8A8CF32AC058FB00ECF377 /* SceneDelegate.swift */,
			);
			path = PetFinder;
			sourceTree = "<group>";
		};
		4C8A8D122AC05FEE00ECF377 /* Network */ = {
			isa = PBXGroup;
			children = (
				4C8A8D072AC05B5000ECF377 /* APIKey.swift */,
				4C8A8D1D2AC1672600ECF377 /* PetStruct.swift */,
				4C8A8D192AC1223700ECF377 /* RegionCode.swift */,
				4C8A8D132AC0627A00ECF377 /* ErrorCode.swift */,
				4C8A8D152AC063AE00ECF377 /* PetRouter.swift */,
				4C8A8D1B2AC1666100ECF377 /* Network.swift */,
			);
			path = Network;
			sourceTree = "<group>";
		};
		4C8A8D212AC2B54600ECF377 /* Base */ = {
			isa = PBXGroup;
			children = (
				4C8A8D222AC2B55E00ECF377 /* ReusableProtocol.swift */,
				4C8A8D242AC2B58F00ECF377 /* BaseViewController.swift */,
				4C8A8D2E2AC2B60200ECF377 /* BaseView.swift */,
				4C8A8D302AC2B62500ECF377 /* BaseCollectionViewCell.swift */,
				4C8A8D322AC2B63800ECF377 /* BaseTableViewCell.swift */,
			);
			path = Base;
			sourceTree = "<group>";
		};
		4C8A8D342AC2B66900ECF377 /* Realm */ = {
			isa = PBXGroup;
			children = (
				4C8A8D352AC2B68900ECF377 /* PetTableRepository.swift */,
				4C8A8D3A2AC2B6E300ECF377 /* RealmModel.swift */,
			);
			path = Realm;
			sourceTree = "<group>";
		};
		4C8A8D3C2AC2B98800ECF377 /* Font */ = {
			isa = PBXGroup;
			children = (
				4C8A8D3F2AC2BA3A00ECF377 /* jejudoldam.otf */,
			);
			path = Font;
			sourceTree = "<group>";
		};
/* End PBXGroup section */

/* Begin PBXNativeTarget section */
		4C8A8CED2AC058FB00ECF377 /* PetFinder */ = {
			isa = PBXNativeTarget;
			buildConfigurationList = 4C8A8D022AC058FD00ECF377 /* Build configuration list for PBXNativeTarget "PetFinder" */;
			buildPhases = (
				4C8A8CEA2AC058FB00ECF377 /* Sources */,
				4C8A8CEB2AC058FB00ECF377 /* Frameworks */,
				4C8A8CEC2AC058FB00ECF377 /* Resources */,
			);
			buildRules = (
			);
			dependencies = (
			);
			name = PetFinder;
			packageProductDependencies = (
				4C8A8D0A2AC05EAE00ECF377 /* Alamofire */,
				4C8A8D0D2AC05EBA00ECF377 /* SnapKit */,
				4C8A8D102AC05EC700ECF377 /* Kingfisher */,
				4C8A8D2A2AC2B5E500ECF377 /* Realm */,
				4C8A8D2C2AC2B5E500ECF377 /* RealmSwift */,
				4C8A8D382AC2B6AD00ECF377 /* Toast */,
			);
			productName = PetFinder;
			productReference = 4C8A8CEE2AC058FB00ECF377 /* PetFinder.app */;
			productType = "com.apple.product-type.application";
		};
/* End PBXNativeTarget section */

/* Begin PBXProject section */
		4C8A8CE62AC058FB00ECF377 /* Project object */ = {
			isa = PBXProject;
			attributes = {
				BuildIndependentTargetsInParallel = 1;
				LastSwiftUpdateCheck = 1430;
				LastUpgradeCheck = 1430;
				TargetAttributes = {
					4C8A8CED2AC058FB00ECF377 = {
						CreatedOnToolsVersion = 14.3.1;
					};
				};
			};
			buildConfigurationList = 4C8A8CE92AC058FB00ECF377 /* Build configuration list for PBXProject "PetFinder" */;
			compatibilityVersion = "Xcode 14.0";
			developmentRegion = en;
			hasScannedForEncodings = 0;
			knownRegions = (
				en,
				Base,
			);
			mainGroup = 4C8A8CE52AC058FB00ECF377;
			packageReferences = (
				4C8A8D092AC05EAE00ECF377 /* XCRemoteSwiftPackageReference "Alamofire" */,
				4C8A8D0C2AC05EBA00ECF377 /* XCRemoteSwiftPackageReference "SnapKit" */,
				4C8A8D0F2AC05EC700ECF377 /* XCRemoteSwiftPackageReference "Kingfisher" */,
				4C8A8D292AC2B5E500ECF377 /* XCRemoteSwiftPackageReference "realm-swift" */,
				4C8A8D372AC2B6AD00ECF377 /* XCRemoteSwiftPackageReference "Toast-Swift" */,
			);
			productRefGroup = 4C8A8CEF2AC058FB00ECF377 /* Products */;
			projectDirPath = "";
			projectRoot = "";
			targets = (
				4C8A8CED2AC058FB00ECF377 /* PetFinder */,
			);
		};
/* End PBXProject section */

/* Begin PBXResourcesBuildPhase section */
		4C8A8CEC2AC058FB00ECF377 /* Resources */ = {
			isa = PBXResourcesBuildPhase;
			buildActionMask = 2147483647;
			files = (
				4C8A8D062AC05B1500ECF377 /* .gitignore in Resources */,
				4C8A8CFE2AC058FD00ECF377 /* LaunchScreen.storyboard in Resources */,
				4C8A8D402AC2BA3A00ECF377 /* jejudoldam.otf in Resources */,
				4C8A8CFB2AC058FD00ECF377 /* Assets.xcassets in Resources */,
			);
			runOnlyForDeploymentPostprocessing = 0;
		};
/* End PBXResourcesBuildPhase section */

/* Begin PBXSourcesBuildPhase section */
		4C8A8CEA2AC058FB00ECF377 /* Sources */ = {
			isa = PBXSourcesBuildPhase;
			buildActionMask = 2147483647;
			files = (
				4C8A8D142AC0627A00ECF377 /* ErrorCode.swift in Sources */,
				4C8A8CF62AC058FB00ECF377 /* ViewController.swift in Sources */,
				4C8A8D252AC2B58F00ECF377 /* BaseViewController.swift in Sources */,
				4C8A8D362AC2B68900ECF377 /* PetTableRepository.swift in Sources */,
				4C8A8D2F2AC2B60200ECF377 /* BaseView.swift in Sources */,
				4C8A8D332AC2B63800ECF377 /* BaseTableViewCell.swift in Sources */,
				4C8A8D232AC2B55E00ECF377 /* ReusableProtocol.swift in Sources */,
				4C8A8D1C2AC1666100ECF377 /* Network.swift in Sources */,
				4C8A8CF22AC058FB00ECF377 /* AppDelegate.swift in Sources */,
				4C8A8D082AC05B5000ECF377 /* APIKey.swift in Sources */,
				4C8A8D1E2AC1672600ECF377 /* PetStruct.swift in Sources */,
				4C8A8D162AC063AE00ECF377 /* PetRouter.swift in Sources */,
				4C8A8CF42AC058FB00ECF377 /* SceneDelegate.swift in Sources */,
				4C8A8D3B2AC2B6E400ECF377 /* RealmModel.swift in Sources */,
				4C8A8D312AC2B62500ECF377 /* BaseCollectionViewCell.swift in Sources */,
				4C8A8D1A2AC1223700ECF377 /* RegionCode.swift in Sources */,
			);
			runOnlyForDeploymentPostprocessing = 0;
		};
/* End PBXSourcesBuildPhase section */

/* Begin PBXVariantGroup section */
		4C8A8CFC2AC058FD00ECF377 /* LaunchScreen.storyboard */ = {
			isa = PBXVariantGroup;
			children = (
				4C8A8CFD2AC058FD00ECF377 /* Base */,
			);
			name = LaunchScreen.storyboard;
			sourceTree = "<group>";
		};
/* End PBXVariantGroup section */

/* Begin XCBuildConfiguration section */
		4C8A8D002AC058FD00ECF377 /* Debug */ = {
			isa = XCBuildConfiguration;
			buildSettings = {
				ALWAYS_SEARCH_USER_PATHS = NO;
				CLANG_ANALYZER_NONNULL = YES;
				CLANG_ANALYZER_NUMBER_OBJECT_CONVERSION = YES_AGGRESSIVE;
				CLANG_CXX_LANGUAGE_STANDARD = "gnu++20";
				CLANG_ENABLE_MODULES = YES;
				CLANG_ENABLE_OBJC_ARC = YES;
				CLANG_ENABLE_OBJC_WEAK = YES;
				CLANG_WARN_BLOCK_CAPTURE_AUTORELEASING = YES;
				CLANG_WARN_BOOL_CONVERSION = YES;
				CLANG_WARN_COMMA = YES;
				CLANG_WARN_CONSTANT_CONVERSION = YES;
				CLANG_WARN_DEPRECATED_OBJC_IMPLEMENTATIONS = YES;
				CLANG_WARN_DIRECT_OBJC_ISA_USAGE = YES_ERROR;
				CLANG_WARN_DOCUMENTATION_COMMENTS = YES;
				CLANG_WARN_EMPTY_BODY = YES;
				CLANG_WARN_ENUM_CONVERSION = YES;
				CLANG_WARN_INFINITE_RECURSION = YES;
				CLANG_WARN_INT_CONVERSION = YES;
				CLANG_WARN_NON_LITERAL_NULL_CONVERSION = YES;
				CLANG_WARN_OBJC_IMPLICIT_RETAIN_SELF = YES;
				CLANG_WARN_OBJC_LITERAL_CONVERSION = YES;
				CLANG_WARN_OBJC_ROOT_CLASS = YES_ERROR;
				CLANG_WARN_QUOTED_INCLUDE_IN_FRAMEWORK_HEADER = YES;
				CLANG_WARN_RANGE_LOOP_ANALYSIS = YES;
				CLANG_WARN_STRICT_PROTOTYPES = YES;
				CLANG_WARN_SUSPICIOUS_MOVE = YES;
				CLANG_WARN_UNGUARDED_AVAILABILITY = YES_AGGRESSIVE;
				CLANG_WARN_UNREACHABLE_CODE = YES;
				CLANG_WARN__DUPLICATE_METHOD_MATCH = YES;
				COPY_PHASE_STRIP = NO;
				DEBUG_INFORMATION_FORMAT = dwarf;
				ENABLE_STRICT_OBJC_MSGSEND = YES;
				ENABLE_TESTABILITY = YES;
				GCC_C_LANGUAGE_STANDARD = gnu11;
				GCC_DYNAMIC_NO_PIC = NO;
				GCC_NO_COMMON_BLOCKS = YES;
				GCC_OPTIMIZATION_LEVEL = 0;
				GCC_PREPROCESSOR_DEFINITIONS = (
					"DEBUG=1",
					"$(inherited)",
				);
				GCC_WARN_64_TO_32_BIT_CONVERSION = YES;
				GCC_WARN_ABOUT_RETURN_TYPE = YES_ERROR;
				GCC_WARN_UNDECLARED_SELECTOR = YES;
				GCC_WARN_UNINITIALIZED_AUTOS = YES_AGGRESSIVE;
				GCC_WARN_UNUSED_FUNCTION = YES;
				GCC_WARN_UNUSED_VARIABLE = YES;
				IPHONEOS_DEPLOYMENT_TARGET = 16.4;
				MTL_ENABLE_DEBUG_INFO = INCLUDE_SOURCE;
				MTL_FAST_MATH = YES;
				ONLY_ACTIVE_ARCH = YES;
				SDKROOT = iphoneos;
				SWIFT_ACTIVE_COMPILATION_CONDITIONS = DEBUG;
				SWIFT_OPTIMIZATION_LEVEL = "-Onone";
			};
			name = Debug;
		};
		4C8A8D012AC058FD00ECF377 /* Release */ = {
			isa = XCBuildConfiguration;
			buildSettings = {
				ALWAYS_SEARCH_USER_PATHS = NO;
				CLANG_ANALYZER_NONNULL = YES;
				CLANG_ANALYZER_NUMBER_OBJECT_CONVERSION = YES_AGGRESSIVE;
				CLANG_CXX_LANGUAGE_STANDARD = "gnu++20";
				CLANG_ENABLE_MODULES = YES;
				CLANG_ENABLE_OBJC_ARC = YES;
				CLANG_ENABLE_OBJC_WEAK = YES;
				CLANG_WARN_BLOCK_CAPTURE_AUTORELEASING = YES;
				CLANG_WARN_BOOL_CONVERSION = YES;
				CLANG_WARN_COMMA = YES;
				CLANG_WARN_CONSTANT_CONVERSION = YES;
				CLANG_WARN_DEPRECATED_OBJC_IMPLEMENTATIONS = YES;
				CLANG_WARN_DIRECT_OBJC_ISA_USAGE = YES_ERROR;
				CLANG_WARN_DOCUMENTATION_COMMENTS = YES;
				CLANG_WARN_EMPTY_BODY = YES;
				CLANG_WARN_ENUM_CONVERSION = YES;
				CLANG_WARN_INFINITE_RECURSION = YES;
				CLANG_WARN_INT_CONVERSION = YES;
				CLANG_WARN_NON_LITERAL_NULL_CONVERSION = YES;
				CLANG_WARN_OBJC_IMPLICIT_RETAIN_SELF = YES;
				CLANG_WARN_OBJC_LITERAL_CONVERSION = YES;
				CLANG_WARN_OBJC_ROOT_CLASS = YES_ERROR;
				CLANG_WARN_QUOTED_INCLUDE_IN_FRAMEWORK_HEADER = YES;
				CLANG_WARN_RANGE_LOOP_ANALYSIS = YES;
				CLANG_WARN_STRICT_PROTOTYPES = YES;
				CLANG_WARN_SUSPICIOUS_MOVE = YES;
				CLANG_WARN_UNGUARDED_AVAILABILITY = YES_AGGRESSIVE;
				CLANG_WARN_UNREACHABLE_CODE = YES;
				CLANG_WARN__DUPLICATE_METHOD_MATCH = YES;
				COPY_PHASE_STRIP = NO;
				DEBUG_INFORMATION_FORMAT = "dwarf-with-dsym";
				ENABLE_NS_ASSERTIONS = NO;
				ENABLE_STRICT_OBJC_MSGSEND = YES;
				GCC_C_LANGUAGE_STANDARD = gnu11;
				GCC_NO_COMMON_BLOCKS = YES;
				GCC_WARN_64_TO_32_BIT_CONVERSION = YES;
				GCC_WARN_ABOUT_RETURN_TYPE = YES_ERROR;
				GCC_WARN_UNDECLARED_SELECTOR = YES;
				GCC_WARN_UNINITIALIZED_AUTOS = YES_AGGRESSIVE;
				GCC_WARN_UNUSED_FUNCTION = YES;
				GCC_WARN_UNUSED_VARIABLE = YES;
				IPHONEOS_DEPLOYMENT_TARGET = 16.4;
				MTL_ENABLE_DEBUG_INFO = NO;
				MTL_FAST_MATH = YES;
				SDKROOT = iphoneos;
				SWIFT_COMPILATION_MODE = wholemodule;
				SWIFT_OPTIMIZATION_LEVEL = "-O";
				VALIDATE_PRODUCT = YES;
			};
			name = Release;
		};
		4C8A8D032AC058FD00ECF377 /* Debug */ = {
			isa = XCBuildConfiguration;
			buildSettings = {
				ASSETCATALOG_COMPILER_APPICON_NAME = AppIcon;
				ASSETCATALOG_COMPILER_GLOBAL_ACCENT_COLOR_NAME = AccentColor;
				CODE_SIGN_STYLE = Automatic;
				CURRENT_PROJECT_VERSION = 1;
				DEVELOPMENT_TEAM = Z9S6MZGC9J;
				GENERATE_INFOPLIST_FILE = YES;
				INFOPLIST_FILE = PetFinder/Info.plist;
				INFOPLIST_KEY_UIApplicationSupportsIndirectInputEvents = YES;
				INFOPLIST_KEY_UILaunchStoryboardName = LaunchScreen;
				INFOPLIST_KEY_UISupportedInterfaceOrientations_iPad = "UIInterfaceOrientationPortrait UIInterfaceOrientationPortraitUpsideDown UIInterfaceOrientationLandscapeLeft UIInterfaceOrientationLandscapeRight";
				INFOPLIST_KEY_UISupportedInterfaceOrientations_iPhone = "UIInterfaceOrientationPortrait UIInterfaceOrientationLandscapeLeft UIInterfaceOrientationLandscapeRight";
				LD_RUNPATH_SEARCH_PATHS = (
					"$(inherited)",
					"@executable_path/Frameworks",
				);
				MARKETING_VERSION = 1.0;
				PRODUCT_BUNDLE_IDENTIFIER = com.sesac.PetFinder;
				PRODUCT_NAME = "$(TARGET_NAME)";
				SWIFT_EMIT_LOC_STRINGS = YES;
				SWIFT_VERSION = 5.0;
				TARGETED_DEVICE_FAMILY = "1,2";
			};
			name = Debug;
		};
		4C8A8D042AC058FD00ECF377 /* Release */ = {
			isa = XCBuildConfiguration;
			buildSettings = {
				ASSETCATALOG_COMPILER_APPICON_NAME = AppIcon;
				ASSETCATALOG_COMPILER_GLOBAL_ACCENT_COLOR_NAME = AccentColor;
				CODE_SIGN_STYLE = Automatic;
				CURRENT_PROJECT_VERSION = 1;
				DEVELOPMENT_TEAM = Z9S6MZGC9J;
				GENERATE_INFOPLIST_FILE = YES;
				INFOPLIST_FILE = PetFinder/Info.plist;
				INFOPLIST_KEY_UIApplicationSupportsIndirectInputEvents = YES;
				INFOPLIST_KEY_UILaunchStoryboardName = LaunchScreen;
				INFOPLIST_KEY_UISupportedInterfaceOrientations_iPad = "UIInterfaceOrientationPortrait UIInterfaceOrientationPortraitUpsideDown UIInterfaceOrientationLandscapeLeft UIInterfaceOrientationLandscapeRight";
				INFOPLIST_KEY_UISupportedInterfaceOrientations_iPhone = "UIInterfaceOrientationPortrait UIInterfaceOrientationLandscapeLeft UIInterfaceOrientationLandscapeRight";
				LD_RUNPATH_SEARCH_PATHS = (
					"$(inherited)",
					"@executable_path/Frameworks",
				);
				MARKETING_VERSION = 1.0;
				PRODUCT_BUNDLE_IDENTIFIER = com.sesac.PetFinder;
				PRODUCT_NAME = "$(TARGET_NAME)";
				SWIFT_EMIT_LOC_STRINGS = YES;
				SWIFT_VERSION = 5.0;
				TARGETED_DEVICE_FAMILY = "1,2";
			};
			name = Release;
		};
/* End XCBuildConfiguration section */

/* Begin XCConfigurationList section */
		4C8A8CE92AC058FB00ECF377 /* Build configuration list for PBXProject "PetFinder" */ = {
			isa = XCConfigurationList;
			buildConfigurations = (
				4C8A8D002AC058FD00ECF377 /* Debug */,
				4C8A8D012AC058FD00ECF377 /* Release */,
			);
			defaultConfigurationIsVisible = 0;
			defaultConfigurationName = Release;
		};
		4C8A8D022AC058FD00ECF377 /* Build configuration list for PBXNativeTarget "PetFinder" */ = {
			isa = XCConfigurationList;
			buildConfigurations = (
				4C8A8D032AC058FD00ECF377 /* Debug */,
				4C8A8D042AC058FD00ECF377 /* Release */,
			);
			defaultConfigurationIsVisible = 0;
			defaultConfigurationName = Release;
		};
/* End XCConfigurationList section */

/* Begin XCRemoteSwiftPackageReference section */
		4C8A8D092AC05EAE00ECF377 /* XCRemoteSwiftPackageReference "Alamofire" */ = {
			isa = XCRemoteSwiftPackageReference;
			repositoryURL = "https://github.com/Alamofire/Alamofire.git";
			requirement = {
				kind = upToNextMajorVersion;
				minimumVersion = 5.0.0;
			};
		};
		4C8A8D0C2AC05EBA00ECF377 /* XCRemoteSwiftPackageReference "SnapKit" */ = {
			isa = XCRemoteSwiftPackageReference;
			repositoryURL = "https://github.com/SnapKit/SnapKit.git";
			requirement = {
				kind = upToNextMajorVersion;
				minimumVersion = 5.0.0;
			};
		};
		4C8A8D0F2AC05EC700ECF377 /* XCRemoteSwiftPackageReference "Kingfisher" */ = {
			isa = XCRemoteSwiftPackageReference;
			repositoryURL = "https://github.com/onevcat/Kingfisher.git";
			requirement = {
				kind = upToNextMajorVersion;
				minimumVersion = 7.0.0;
			};
		};
		4C8A8D292AC2B5E500ECF377 /* XCRemoteSwiftPackageReference "realm-swift" */ = {
			isa = XCRemoteSwiftPackageReference;
			repositoryURL = "https://github.com/realm/realm-swift.git";
			requirement = {
				branch = master;
				kind = branch;
			};
		};
		4C8A8D372AC2B6AD00ECF377 /* XCRemoteSwiftPackageReference "Toast-Swift" */ = {
			isa = XCRemoteSwiftPackageReference;
			repositoryURL = "https://github.com/scalessec/Toast-Swift.git";
			requirement = {
				kind = upToNextMajorVersion;
				minimumVersion = 5.0.0;
			};
		};
/* End XCRemoteSwiftPackageReference section */

/* Begin XCSwiftPackageProductDependency section */
		4C8A8D0A2AC05EAE00ECF377 /* Alamofire */ = {
			isa = XCSwiftPackageProductDependency;
			package = 4C8A8D092AC05EAE00ECF377 /* XCRemoteSwiftPackageReference "Alamofire" */;
			productName = Alamofire;
		};
		4C8A8D0D2AC05EBA00ECF377 /* SnapKit */ = {
			isa = XCSwiftPackageProductDependency;
			package = 4C8A8D0C2AC05EBA00ECF377 /* XCRemoteSwiftPackageReference "SnapKit" */;
			productName = SnapKit;
		};
		4C8A8D102AC05EC700ECF377 /* Kingfisher */ = {
			isa = XCSwiftPackageProductDependency;
			package = 4C8A8D0F2AC05EC700ECF377 /* XCRemoteSwiftPackageReference "Kingfisher" */;
			productName = Kingfisher;
		};
		4C8A8D2A2AC2B5E500ECF377 /* Realm */ = {
			isa = XCSwiftPackageProductDependency;
			package = 4C8A8D292AC2B5E500ECF377 /* XCRemoteSwiftPackageReference "realm-swift" */;
			productName = Realm;
		};
		4C8A8D2C2AC2B5E500ECF377 /* RealmSwift */ = {
			isa = XCSwiftPackageProductDependency;
			package = 4C8A8D292AC2B5E500ECF377 /* XCRemoteSwiftPackageReference "realm-swift" */;
			productName = RealmSwift;
		};
		4C8A8D382AC2B6AD00ECF377 /* Toast */ = {
			isa = XCSwiftPackageProductDependency;
			package = 4C8A8D372AC2B6AD00ECF377 /* XCRemoteSwiftPackageReference "Toast-Swift" */;
			productName = Toast;
		};
/* End XCSwiftPackageProductDependency section */
	};
	rootObject = 4C8A8CE62AC058FB00ECF377 /* Project object */;
}
